
Microsoft Visual Studio Solution File, Format Version 11.00
# Visual Studio 2010
Project("{FAE04EC0-301F-11D3-BF4B-00C04F79EFBC}") = "VsExtension", "VsExtension\VsExtension.csproj", "{5F23CC8A-5CD1-47C6-A310-4873AADBDEA0}"
EndProject
Project("{FAE04EC0-301F-11D3-BF4B-00C04F79EFBC}") = "Core", "Core\Core.csproj", "{4937D512-3B81-4F7D-9E61-567BA668A97B}"
EndProject
Project("{FAE04EC0-301F-11D3-BF4B-00C04F79EFBC}") = "Standalone", "Standalone\Standalone.csproj", "{71A8EE97-E91A-44A2-9DBC-3DF22C493BD2}"
EndProject
Global
	GlobalSection(SolutionConfigurationPlatforms) = preSolution
		Debug|Any CPU = Debug|Any CPU
		Debug|Mixed Platforms = Debug|Mixed Platforms
		Debug|x86 = Debug|x86
		Release|Any CPU = Release|Any CPU
		Release|Mixed Platforms = Release|Mixed Platforms
		Release|x86 = Release|x86
	EndGlobalSection
	GlobalSection(ProjectConfigurationPlatforms) = postSolution
		{5F23CC8A-5CD1-47C6-A310-4873AADBDEA0}.Debug|Any CPU.ActiveCfg = Debug|Any CPU
		{5F23CC8A-5CD1-47C6-A310-4873AADBDEA0}.Debug|Any CPU.Build.0 = Debug|Any CPU
		{5F23CC8A-5CD1-47C6-A310-4873AADBDEA0}.Debug|Mixed Platforms.ActiveCfg = Debug|Any CPU
		{5F23CC8A-5CD1-47C6-A310-4873AADBDEA0}.Debug|Mixed Platforms.Build.0 = Debug|Any CPU
		{5F23CC8A-5CD1-47C6-A310-4873AADBDEA0}.Debug|x86.ActiveCfg = Debug|Any CPU
		{5F23CC8A-5CD1-47C6-A310-4873AADBDEA0}.Release|Any CPU.ActiveCfg = Release|Any CPU
		{5F23CC8A-5CD1-47C6-A310-4873AADBDEA0}.Release|Any CPU.Build.0 = Release|Any CPU
		{5F23CC8A-5CD1-47C6-A310-4873AADBDEA0}.Release|Mixed Platforms.ActiveCfg = Release|Any CPU
		{5F23CC8A-5CD1-47C6-A310-4873AADBDEA0}.Release|Mixed Platforms.Build.0 = Release|Any CPU
		{5F23CC8A-5CD1-47C6-A310-4873AADBDEA0}.Release|x86.ActiveCfg = Release|Any CPU
		{4937D512-3B81-4F7D-9E61-567BA668A97B}.Debug|Any CPU.ActiveCfg = Debug|Any CPU
		{4937D512-3B81-4F7D-9E61-567BA668A97B}.Debug|Any CPU.Build.0 = Debug|Any CPU
		{4937D512-3B81-4F7D-9E61-567BA668A97B}.Debug|Mixed Platforms.ActiveCfg = Debug|Any CPU
		{4937D512-3B81-4F7D-9E61-567BA668A97B}.Debug|Mixed Platforms.Build.0 = Debug|Any CPU
		{4937D512-3B81-4F7D-9E61-567BA668A97B}.Debug|x86.ActiveCfg = Debug|Any CPU
		{4937D512-3B81-4F7D-9E61-567BA668A97B}.Release|Any CPU.ActiveCfg = Release|Any CPU
		{4937D512-3B81-4F7D-9E61-567BA668A97B}.Release|Any CPU.Build.0 = Release|Any CPU
		{4937D512-3B81-4F7D-9E61-567BA668A97B}.Release|Mixed Platforms.ActiveCfg = Release|Any CPU
		{4937D512-3B81-4F7D-9E61-567BA668A97B}.Release|Mixed Platforms.Build.0 = Release|Any CPU
		{4937D512-3B81-4F7D-9E61-567BA668A97B}.Release|x86.ActiveCfg = Release|Any CPU
		{71A8EE97-E91A-44A2-9DBC-3DF22C493BD2}.Debug|Any CPU.ActiveCfg = Debug|Any CPU
		{71A8EE97-E91A-44A2-9DBC-3DF22C493BD2}.Debug|Any CPU.Build.0 = Debug|Any CPU
		{71A8EE97-E91A-44A2-9DBC-3DF22C493BD2}.Debug|Mixed Platforms.ActiveCfg = Debug|Any CPU
		{71A8EE97-E91A-44A2-9DBC-3DF22C493BD2}.Debug|Mixed Platforms.Build.0 = Debug|Any CPU
		{71A8EE97-E91A-44A2-9DBC-3DF22C493BD2}.Debug|x86.ActiveCfg = Debug|Any CPU
		{71A8EE97-E91A-44A2-9DBC-3DF22C493BD2}.Release|Any CPU.ActiveCfg = Release|Any CPU
		{71A8EE97-E91A-44A2-9DBC-3DF22C493BD2}.Release|Any CPU.Build.0 = Release|Any CPU
		{71A8EE97-E91A-44A2-9DBC-3DF22C493BD2}.Release|Mixed Platforms.ActiveCfg = Release|Any CPU
		{71A8EE97-E91A-44A2-9DBC-3DF22C493BD2}.Release|Mixed Platforms.Build.0 = Release|Any CPU
		{71A8EE97-E91A-44A2-9DBC-3DF22C493BD2}.Release|x86.ActiveCfg = Release|Any CPU
	EndGlobalSection
	GlobalSection(SolutionProperties) = preSolution
		HideSolutionNode = FALSE
	EndGlobalSection
EndGlobal
